
Microsoft Visual Studio Solution File, Format Version 11.00
# Visual Studio 2010
Project("{FAE04EC0-301F-11D3-BF4B-00C04F79EFBC}") = "Assembly-CSharp", "Assembly-CSharp.csproj", "{6b3a8d6e-3aa3-74e8-5d3b-1823f88c1ee2}"
EndProject
Project("{FAE04EC0-301F-11D3-BF4B-00C04F79EFBC}") = "Assembly-CSharp-firstpass", "Assembly-CSharp-firstpass.csproj", "{af892e47-aefd-a3f4-c8b8-ecf9aed17314}"
EndProject
Global
	GlobalSection(SolutionConfigurationPlatforms) = preSolution
		Debug|Any CPU = Debug|Any CPU
	EndGlobalSection
	GlobalSection(ProjectConfigurationPlatforms) = postSolution
		{6b3a8d6e-3aa3-74e8-5d3b-1823f88c1ee2}.Debug|Any CPU.ActiveCfg = Debug|Any CPU
		{6b3a8d6e-3aa3-74e8-5d3b-1823f88c1ee2}.Debug|Any CPU.Build.0 = Debug|Any CPU
		{af892e47-aefd-a3f4-c8b8-ecf9aed17314}.Debug|Any CPU.ActiveCfg = Debug|Any CPU
		{af892e47-aefd-a3f4-c8b8-ecf9aed17314}.Debug|Any CPU.Build.0 = Debug|Any CPU
	EndGlobalSection
	GlobalSection(SolutionProperties) = preSolution
		HideSolutionNode = FALSE
	EndGlobalSection
EndGlobal
